speakeasyVersion: 1.419.2
sources:
    ArgotOpenAi-OAS:
        sourceNamespace: argot-open-ai-oas
        sourceRevisionDigest: sha256:4752c26481f17da834b8c625233e2b81af530494b702001f41cb10e8c4b5f877
        sourceBlobDigest: sha256:bbab06460b3d531ea46c3b4e1c4b378dc258d69d352cb96aa91c6ab7f0427c5f
        tags:
            - latest
            - main
targets:
    argot-open-ai:
        source: ArgotOpenAi-OAS
        sourceNamespace: argot-open-ai-oas
        sourceRevisionDigest: sha256:4752c26481f17da834b8c625233e2b81af530494b702001f41cb10e8c4b5f877
        sourceBlobDigest: sha256:bbab06460b3d531ea46c3b4e1c4b378dc258d69d352cb96aa91c6ab7f0427c5f
workflow:
    workflowVersion: 1.0.0
    speakeasyVersion: latest
    sources:
        ArgotOpenAi-OAS:
            inputs:
                - location: openai-openapi.yaml
            registry:
                location: registry.speakeasyapi.dev/argot/argot/argot-open-ai-oas
    targets:
        argot-open-ai:
            target: typescript
            source: ArgotOpenAi-OAS
            publish:
                npm:
                    token: $npm_token
