speakeasyVersion: 1.462.2
sources:
    ArgotOpenAi-OAS:
        sourceNamespace: argot-open-ai-oas
        sourceRevisionDigest: sha256:1cf9f2b2735ce891126bb1eb1aa9256826a291a80ca2b07adb272c46e71a765c
        sourceBlobDigest: sha256:e89de7a85a3dfb63c1563aefa16ae940ce3d67eaa50d2d718fe9bedb74e902bb
        tags:
            - latest
            - speakeasy-sdk-regen-1729907398
            - 2.3.0
targets:
    argot-open-ai:
        source: ArgotOpenAi-OAS
        sourceNamespace: argot-open-ai-oas
        sourceRevisionDigest: sha256:1cf9f2b2735ce891126bb1eb1aa9256826a291a80ca2b07adb272c46e71a765c
        sourceBlobDigest: sha256:e89de7a85a3dfb63c1563aefa16ae940ce3d67eaa50d2d718fe9bedb74e902bb
        codeSamplesNamespace: argot-open-ai-oas-typescript-code-samples
        codeSamplesRevisionDigest: sha256:6aa316ebc0883131949bd37cec5b736e48fad731b4786cd10ecd79f3929f6010
workflow:
    workflowVersion: 1.0.0
    speakeasyVersion: latest
    sources:
        ArgotOpenAi-OAS:
            inputs:
                - location: openai-openapi.yaml
            registry:
                location: registry.speakeasyapi.dev/argot/argot/argot-open-ai-oas
    targets:
        argot-open-ai:
            target: typescript
            source: ArgotOpenAi-OAS
            publish:
                npm:
                    token: $npm_token
            codeSamples:
                registry:
                    location: registry.speakeasyapi.dev/argot/argot/argot-open-ai-oas-typescript-code-samples
                labelOverride:
                    fixedValue: Typescript (SDK)
                blocking: false
